// !$*UTF8*$!
{
	archiveVersion = 1;
	classes = {
	};
	objectVersion = 46;
	objects = {

/* Begin PBXBuildFile section */
		816630A41CB7613A005C3DAC /* AppDelegate.swift in Sources */ = {isa = PBXBuildFile; fileRef = 816630A31CB7613A005C3DAC /* AppDelegate.swift */; };
		816630A61CB7613A005C3DAC /* ViewController.swift in Sources */ = {isa = PBXBuildFile; fileRef = 816630A51CB7613A005C3DAC /* ViewController.swift */; };
		816630A91CB7613A005C3DAC /* Main.storyboard in Resources */ = {isa = PBXBuildFile; fileRef = 816630A71CB7613A005C3DAC /* Main.storyboard */; };
		816630AB1CB7613A005C3DAC /* Assets.xcassets in Resources */ = {isa = PBXBuildFile; fileRef = 816630AA1CB7613A005C3DAC /* Assets.xcassets */; };
		816630AE1CB7613A005C3DAC /* LaunchScreen.storyboard in Resources */ = {isa = PBXBuildFile; fileRef = 816630AC1CB7613A005C3DAC /* LaunchScreen.storyboard */; };
		816630B91CB7613A005C3DAC /* testTests.swift in Sources */ = {isa = PBXBuildFile; fileRef = 816630B81CB7613A005C3DAC /* testTests.swift */; };
		816630C41CB7613A005C3DAC /* testUITests.swift in Sources */ = {isa = PBXBuildFile; fileRef = 816630C31CB7613A005C3DAC /* testUITests.swift */; };
/* End PBXBuildFile section */

/* Begin PBXContainerItemProxy section */
		816630B51CB7613A005C3DAC /* PBXContainerItemProxy */ = {
			isa = PBXContainerItemProxy;
			containerPortal = 816630981CB7613A005C3DAC /* Project object */;
			proxyType = 1;
			remoteGlobalIDString = 8166309F1CB7613A005C3DAC;
			remoteInfo = test;
		};
		816630C01CB7613A005C3DAC /* PBXContainerItemProxy */ = {
			isa = PBXContainerItemProxy;
			containerPortal = 816630981CB7613A005C3DAC /* Project object */;
			proxyType = 1;
			remoteGlobalIDString = 8166309F1CB7613A005C3DAC;
			remoteInfo = test;
		};
/* End PBXContainerItemProxy section */

/* Begin PBXFileReference section */
		816630A01CB7613A005C3DAC /* test.app */ = {isa = PBXFileReference; explicitFileType = wrapper.application; includeInIndex = 0; path = test.app; sourceTree = BUILT_PRODUCTS_DIR; };
		816630A31CB7613A005C3DAC /* AppDelegate.swift */ = {isa = PBXFileReference; lastKnownFileType = sourcecode.swift; path = AppDelegate.swift; sourceTree = "<group>"; };
		816630A51CB7613A005C3DAC /* ViewController.swift */ = {isa = PBXFileReference; lastKnownFileType = sourcecode.swift; path = ViewController.swift; sourceTree = "<group>"; };
		816630A81CB7613A005C3DAC /* Base */ = {isa = PBXFileReference; lastKnownFileType = file.storyboard; name = Base; path = Base.lproj/Main.storyboard; sourceTree = "<group>"; };
		816630AA1CB7613A005C3DAC /* Assets.xcassets */ = {isa = PBXFileReference; lastKnownFileType = folder.assetcatalog; path = Assets.xcassets; sourceTree = "<group>"; };
		816630AD1CB7613A005C3DAC /* Base */ = {isa = PBXFileReference; lastKnownFileType = file.storyboard; name = Base; path = Base.lproj/LaunchScreen.storyboard; sourceTree = "<group>"; };
		816630AF1CB7613A005C3DAC /* Info.plist */ = {isa = PBXFileReference; lastKnownFileType = text.plist.xml; path = Info.plist; sourceTree = "<group>"; };
		816630B41CB7613A005C3DAC /* testTests.xctest */ = {isa = PBXFileReference; explicitFileType = wrapper.cfbundle; includeInIndex = 0; path = testTests.xctest; sourceTree = BUILT_PRODUCTS_DIR; };
		816630B81CB7613A005C3DAC /* testTests.swift */ = {isa = PBXFileReference; lastKnownFileType = sourcecode.swift; path = testTests.swift; sourceTree = "<group>"; };
		816630BA1CB7613A005C3DAC /* Info.plist */ = {isa = PBXFileReference; lastKnownFileType = text.plist.xml; path = Info.plist; sourceTree = "<group>"; };
		816630BF1CB7613A005C3DAC /* testUITests.xctest */ = {isa = PBXFileReference; explicitFileType = wrapper.cfbundle; includeInIndex = 0; path = testUITests.xctest; sourceTree = BUILT_PRODUCTS_DIR; };
		816630C31CB7613A005C3DAC /* testUITests.swift */ = {isa = PBXFileReference; lastKnownFileType = sourcecode.swift; path = testUITests.swift; sourceTree = "<group>"; };
		816630C51CB7613A005C3DAC /* Info.plist */ = {isa = PBXFileReference; lastKnownFileType = text.plist.xml; path = Info.plist; sourceTree = "<group>"; };
/* End PBXFileReference section */

/* Begin PBXFrameworksBuildPhase section */
		8166309D1CB7613A005C3DAC /* Frameworks */ = {
			isa = PBXFrameworksBuildPhase;
			buildActionMask = 2147483647;
			files = (
			);
			runOnlyForDeploymentPostprocessing = 0;
		};
		816630B11CB7613A005C3DAC /* Frameworks */ = {
			isa = PBXFrameworksBuildPhase;
			buildActionMask = 2147483647;
			files = (
			);
			runOnlyForDeploymentPostprocessing = 0;
		};
		816630BC1CB7613A005C3DAC /* Frameworks */ = {
			isa = PBXFrameworksBuildPhase;
			buildActionMask = 2147483647;
			files = (
			);
			runOnlyForDeploymentPostprocessing = 0;
		};
/* End PBXFrameworksBuildPhase section */

/* Begin PBXGroup section */
		816630971CB7613A005C3DAC = {
			isa = PBXGroup;
			children = (
				816630A21CB7613A005C3DAC /* test */,
				816630B71CB7613A005C3DAC /* testTests */,
				816630C21CB7613A005C3DAC /* testUITests */,
				816630A11CB7613A005C3DAC /* Products */,
			);
			sourceTree = "<group>";
		};
		816630A11CB7613A005C3DAC /* Products */ = {
			isa = PBXGroup;
			children = (
				816630A01CB7613A005C3DAC /* test.app */,
				816630B41CB7613A005C3DAC /* testTests.xctest */,
				816630BF1CB7613A005C3DAC /* testUITests.xctest */,
			);
			name = Products;
			sourceTree = "<group>";
		};
		816630A21CB7613A005C3DAC /* test */ = {
			isa = PBXGroup;
			children = (
				816630A31CB7613A005C3DAC /* AppDelegate.swift */,
				816630A51CB7613A005C3DAC /* ViewController.swift */,
				816630A71CB7613A005C3DAC /* Main.storyboard */,
				816630AA1CB7613A005C3DAC /* Assets.xcassets */,
				816630AC1CB7613A005C3DAC /* LaunchScreen.storyboard */,
				816630AF1CB7613A005C3DAC /* Info.plist */,
			);
			path = test;
			sourceTree = "<group>";
		};
		816630B71CB7613A005C3DAC /* testTests */ = {
			isa = PBXGroup;
			children = (
				816630B81CB7613A005C3DAC /* testTests.swift */,
				816630BA1CB7613A005C3DAC /* Info.plist */,
			);
			path = testTests;
			sourceTree = "<group>";
		};
		816630C21CB7613A005C3DAC /* testUITests */ = {
			isa = PBXGroup;
			children = (
				816630C31CB7613A005C3DAC /* testUITests.swift */,
				816630C51CB7613A005C3DAC /* Info.plist */,
			);
			path = testUITests;
			sourceTree = "<group>";
		};
/* End PBXGroup section */

/* Begin PBXNativeTarget section */
		8166309F1CB7613A005C3DAC /* test */ = {
			isa = PBXNativeTarget;
			buildConfigurationList = 816630C81CB7613A005C3DAC /* Build configuration list for PBXNativeTarget "test" */;
			buildPhases = (
				8166309C1CB7613A005C3DAC /* Sources */,
				8166309D1CB7613A005C3DAC /* Frameworks */,
				8166309E1CB7613A005C3DAC /* Resources */,
			);
			buildRules = (
			);
			dependencies = (
			);
			name = test;
			productName = test;
			productReference = 816630A01CB7613A005C3DAC /* test.app */;
			productType = "com.apple.product-type.application";
		};
		816630B31CB7613A005C3DAC /* testTests */ = {
			isa = PBXNativeTarget;
			buildConfigurationList = 816630CB1CB7613A005C3DAC /* Build configuration list for PBXNativeTarget "testTests" */;
			buildPhases = (
				816630B01CB7613A005C3DAC /* Sources */,
				816630B11CB7613A005C3DAC /* Frameworks */,
				816630B21CB7613A005C3DAC /* Resources */,
			);
			buildRules = (
			);
			dependencies = (
				816630B61CB7613A005C3DAC /* PBXTargetDependency */,
			);
			name = testTests;
			productName = testTests;
			productReference = 816630B41CB7613A005C3DAC /* testTests.xctest */;
			productType = "com.apple.product-type.bundle.unit-test";
		};
		816630BE1CB7613A005C3DAC /* testUITests */ = {
			isa = PBXNativeTarget;
			buildConfigurationList = 816630CE1CB7613A005C3DAC /* Build configuration list for PBXNativeTarget "testUITests" */;
			buildPhases = (
				816630BB1CB7613A005C3DAC /* Sources */,
				816630BC1CB7613A005C3DAC /* Frameworks */,
				816630BD1CB7613A005C3DAC /* Resources */,
			);
			buildRules = (
			);
			dependencies = (
				816630C11CB7613A005C3DAC /* PBXTargetDependency */,
			);
			name = testUITests;
			productName = testUITests;
			productReference = 816630BF1CB7613A005C3DAC /* testUITests.xctest */;
			productType = "com.apple.product-type.bundle.ui-testing";
		};
/* End PBXNativeTarget section */

/* Begin PBXProject section */
		816630981CB7613A005C3DAC /* Project object */ = {
			isa = PBXProject;
			attributes = {
				LastSwiftUpdateCheck = 0730;
				LastUpgradeCheck = 0730;
				ORGANIZATIONNAME = xyit;
				TargetAttributes = {
					8166309F1CB7613A005C3DAC = {
						CreatedOnToolsVersion = 7.3;
						DevelopmentTeam = W4S8EZUVBU;
					};
					816630B31CB7613A005C3DAC = {
						CreatedOnToolsVersion = 7.3;
						DevelopmentTeam = W4S8EZUVBU;
						TestTargetID = 8166309F1CB7613A005C3DAC;
					};
					816630BE1CB7613A005C3DAC = {
						CreatedOnToolsVersion = 7.3;
						DevelopmentTeam = W4S8EZUVBU;
						TestTargetID = 8166309F1CB7613A005C3DAC;
					};
				};
			};
			buildConfigurationList = 8166309B1CB7613A005C3DAC /* Build configuration list for PBXProject "test" */;
			compatibilityVersion = "Xcode 3.2";
			developmentRegion = English;
			hasScannedForEncodings = 0;
			knownRegions = (
				en,
				Base,
			);
			mainGroup = 816630971CB7613A005C3DAC;
			productRefGroup = 816630A11CB7613A005C3DAC /* Products */;
			projectDirPath = "";
			projectRoot = "";
			targets = (
				8166309F1CB7613A005C3DAC /* test */,
				816630B31CB7613A005C3DAC /* testTests */,
				816630BE1CB7613A005C3DAC /* testUITests */,
			);
		};
/* End PBXProject section */

/* Begin PBXResourcesBuildPhase section */
		8166309E1CB7613A005C3DAC /* Resources */ = {
			isa = PBXResourcesBuildPhase;
			buildActionMask = 2147483647;
			files = (
				816630AE1CB7613A005C3DAC /* LaunchScreen.storyboard in Resources */,
				816630AB1CB7613A005C3DAC /* Assets.xcassets in Resources */,
				816630A91CB7613A005C3DAC /* Main.storyboard in Resources */,
			);
			runOnlyForDeploymentPostprocessing = 0;
		};
		816630B21CB7613A005C3DAC /* Resources */ = {
			isa = PBXResourcesBuildPhase;
			buildActionMask = 2147483647;
			files = (
			);
			runOnlyForDeploymentPostprocessing = 0;
		};
		816630BD1CB7613A005C3DAC /* Resources */ = {
			isa = PBXResourcesBuildPhase;
			buildActionMask = 2147483647;
			files = (
			);
			runOnlyForDeploymentPostprocessing = 0;
		};
/* End PBXResourcesBuildPhase section */

/* Begin PBXSourcesBuildPhase section */
		8166309C1CB7613A005C3DAC /* Sources */ = {
			isa = PBXSourcesBuildPhase;
			buildActionMask = 2147483647;
			files = (
				816630A61CB7613A005C3DAC /* ViewController.swift in Sources */,
				816630A41CB7613A005C3DAC /* AppDelegate.swift in Sources */,
			);
			runOnlyForDeploymentPostprocessing = 0;
		};
		816630B01CB7613A005C3DAC /* Sources */ = {
			isa = PBXSourcesBuildPhase;
			buildActionMask = 2147483647;
			files = (
				816630B91CB7613A005C3DAC /* testTests.swift in Sources */,
			);
			runOnlyForDeploymentPostprocessing = 0;
		};
		816630BB1CB7613A005C3DAC /* Sources */ = {
			isa = PBXSourcesBuildPhase;
			buildActionMask = 2147483647;
			files = (
				816630C41CB7613A005C3DAC /* testUITests.swift in Sources */,
			);
			runOnlyForDeploymentPostprocessing = 0;
		};
/* End PBXSourcesBuildPhase section */

/* Begin PBXTargetDependency section */
		816630B61CB7613A005C3DAC /* PBXTargetDependency */ = {
			isa = PBXTargetDependency;
			target = 8166309F1CB7613A005C3DAC /* test */;
			targetProxy = 816630B51CB7613A005C3DAC /* PBXContainerItemProxy */;
		};
		816630C11CB7613A005C3DAC /* PBXTargetDependency */ = {
			isa = PBXTargetDependency;
			target = 8166309F1CB7613A005C3DAC /* test */;
			targetProxy = 816630C01CB7613A005C3DAC /* PBXContainerItemProxy */;
		};
/* End PBXTargetDependency section */

/* Begin PBXVariantGroup section */
		816630A71CB7613A005C3DAC /* Main.storyboard */ = {
			isa = PBXVariantGroup;
			children = (
				816630A81CB7613A005C3DAC /* Base */,
			);
			name = Main.storyboard;
			sourceTree = "<group>";
		};
		816630AC1CB7613A005C3DAC /* LaunchScreen.storyboard */ = {
			isa = PBXVariantGroup;
			children = (
				816630AD1CB7613A005C3DAC /* Base */,
			);
			name = LaunchScreen.storyboard;
			sourceTree = "<group>";
		};
/* End PBXVariantGroup section */

/* Begin XCBuildConfiguration section */
		816630C61CB7613A005C3DAC /* Debug */ = {
			isa = XCBuildConfiguration;
			buildSettings = {
				ALWAYS_SEARCH_USER_PATHS = NO;
				CLANG_ANALYZER_NONNULL = YES;
				CLANG_CXX_LANGUAGE_STANDARD = "gnu++0x";
				CLANG_CXX_LIBRARY = "libc++";
				CLANG_ENABLE_MODULES = YES;
				CLANG_ENABLE_OBJC_ARC = YES;
				CLANG_WARN_BOOL_CONVERSION = YES;
				CLANG_WARN_CONSTANT_CONVERSION = YES;
				CLANG_WARN_DIRECT_OBJC_ISA_USAGE = YES_ERROR;
				CLANG_WARN_EMPTY_BODY = YES;
				CLANG_WARN_ENUM_CONVERSION = YES;
				CLANG_WARN_INT_CONVERSION = YES;
				CLANG_WARN_OBJC_ROOT_CLASS = YES_ERROR;
				CLANG_WARN_UNREACHABLE_CODE = YES;
				CLANG_WARN__DUPLICATE_METHOD_MATCH = YES;
				"CODE_SIGN_IDENTITY[sdk=iphoneos*]" = "iPhone Developer";
				COPY_PHASE_STRIP = NO;
				DEBUG_INFORMATION_FORMAT = dwarf;
				ENABLE_STRICT_OBJC_MSGSEND = YES;
				ENABLE_TESTABILITY = YES;
				GCC_C_LANGUAGE_STANDARD = gnu99;
				GCC_DYNAMIC_NO_PIC = NO;
				GCC_NO_COMMON_BLOCKS = YES;
				GCC_OPTIMIZATION_LEVEL = 0;
				GCC_PREPROCESSOR_DEFINITIONS = (
					"DEBUG=1",
					"$(inherited)",
				);
				GCC_WARN_64_TO_32_BIT_CONVERSION = YES;
				GCC_WARN_ABOUT_RETURN_TYPE = YES_ERROR;
				GCC_WARN_UNDECLARED_SELECTOR = YES;
				GCC_WARN_UNINITIALIZED_AUTOS = YES_AGGRESSIVE;
				GCC_WARN_UNUSED_FUNCTION = YES;
				GCC_WARN_UNUSED_VARIABLE = YES;
				IPHONEOS_DEPLOYMENT_TARGET = 9.3;
				MTL_ENABLE_DEBUG_INFO = YES;
				ONLY_ACTIVE_ARCH = YES;
				SDKROOT = iphoneos;
				SWIFT_OPTIMIZATION_LEVEL = "-Onone";
			};
			name = Debug;
		};
		816630C71CB7613A005C3DAC /* Release */ = {
			isa = XCBuildConfiguration;
			buildSettings = {
				ALWAYS_SEARCH_USER_PATHS = NO;
				CLANG_ANALYZER_NONNULL = YES;
				CLANG_CXX_LANGUAGE_STANDARD = "gnu++0x";
				CLANG_CXX_LIBRARY = "libc++";
				CLANG_ENABLE_MODULES = YES;
				CLANG_ENABLE_OBJC_ARC = YES;
				CLANG_WARN_BOOL_CONVERSION = YES;
				CLANG_WARN_CONSTANT_CONVERSION = YES;
				CLANG_WARN_DIRECT_OBJC_ISA_USAGE = YES_ERROR;
				CLANG_WARN_EMPTY_BODY = YES;
				CLANG_WARN_ENUM_CONVERSION = YES;
				CLANG_WARN_INT_CONVERSION = YES;
				CLANG_WARN_OBJC_ROOT_CLASS = YES_ERROR;
				CLANG_WARN_UNREACHABLE_CODE = YES;
				CLANG_WARN__DUPLICATE_METHOD_MATCH = YES;
				"CODE_SIGN_IDENTITY[sdk=iphoneos*]" = "iPhone Developer";
				COPY_PHASE_STRIP = NO;
				DEBUG_INFORMATION_FORMAT = "dwarf-with-dsym";
				ENABLE_NS_ASSERTIONS = NO;
				ENABLE_STRICT_OBJC_MSGSEND = YES;
				GCC_C_LANGUAGE_STANDARD = gnu99;
				GCC_NO_COMMON_BLOCKS = YES;
				GCC_WARN_64_TO_32_BIT_CONVERSION = YES;
				GCC_WARN_ABOUT_RETURN_TYPE = YES_ERROR;
				GCC_WARN_UNDECLARED_SELECTOR = YES;
				GCC_WARN_UNINITIALIZED_AUTOS = YES_AGGRESSIVE;
				GCC_WARN_UNUSED_FUNCTION = YES;
				GCC_WARN_UNUSED_VARIABLE = YES;
				IPHONEOS_DEPLOYMENT_TARGET = 9.3;
				MTL_ENABLE_DEBUG_INFO = NO;
				SDKROOT = iphoneos;
				VALIDATE_PRODUCT = YES;
			};
			name = Release;
		};
		816630C91CB7613A005C3DAC /* Debug */ = {
			isa = XCBuildConfiguration;
			buildSettings = {
				ASSETCATALOG_COMPILER_APPICON_NAME = AppIcon;
				INFOPLIST_FILE = test/Info.plist;
				LD_RUNPATH_SEARCH_PATHS = "$(inherited) @executable_path/Frameworks";
				PRODUCT_BUNDLE_IDENTIFIER = szg.test;
				PRODUCT_NAME = "$(TARGET_NAME)";
			};
			name = Debug;
		};
		816630CA1CB7613A005C3DAC /* Release */ = {
			isa = XCBuildConfiguration;
			buildSettings = {
				ASSETCATALOG_COMPILER_APPICON_NAME = AppIcon;
				INFOPLIST_FILE = test/Info.plist;
				LD_RUNPATH_SEARCH_PATHS = "$(inherited) @executable_path/Frameworks";
				PRODUCT_BUNDLE_IDENTIFIER = szg.test;
				PRODUCT_NAME = "$(TARGET_NAME)";
			};
			name = Release;
		};
		816630CC1CB7613A005C3DAC /* Debug */ = {
			isa = XCBuildConfiguration;
			buildSettings = {
				BUNDLE_LOADER = "$(TEST_HOST)";
				INFOPLIST_FILE = testTests/Info.plist;
				LD_RUNPATH_SEARCH_PATHS = "$(inherited) @executable_path/Frameworks @loader_path/Frameworks";
				PRODUCT_BUNDLE_IDENTIFIER = szg.testTests;
				PRODUCT_NAME = "$(TARGET_NAME)";
				TEST_HOST = "$(BUILT_PRODUCTS_DIR)/test.app/test";
			};
			name = Debug;
		};
		816630CD1CB7613A005C3DAC /* Release */ = {
			isa = XCBuildConfiguration;
			buildSettings = {
				BUNDLE_LOADER = "$(TEST_HOST)";
				INFOPLIST_FILE = testTests/Info.plist;
				LD_RUNPATH_SEARCH_PATHS = "$(inherited) @executable_path/Frameworks @loader_path/Frameworks";
				PRODUCT_BUNDLE_IDENTIFIER = szg.testTests;
				PRODUCT_NAME = "$(TARGET_NAME)";
				TEST_HOST = "$(BUILT_PRODUCTS_DIR)/test.app/test";
			};
			name = Release;
		};
		816630CF1CB7613A005C3DAC /* Debug */ = {
			isa = XCBuildConfiguration;
			buildSettings = {
				INFOPLIST_FILE = testUITests/Info.plist;
				LD_RUNPATH_SEARCH_PATHS = "$(inherited) @executable_path/Frameworks @loader_path/Frameworks";
				PRODUCT_BUNDLE_IDENTIFIER = szg.testUITests;
				PRODUCT_NAME = "$(TARGET_NAME)";
				TEST_TARGET_NAME = test;
			};
			name = Debug;
		};
		816630D01CB7613A005C3DAC /* Release */ = {
			isa = XCBuildConfiguration;
			buildSettings = {
				INFOPLIST_FILE = testUITests/Info.plist;
				LD_RUNPATH_SEARCH_PATHS = "$(inherited) @executable_path/Frameworks @loader_path/Frameworks";
				PRODUCT_BUNDLE_IDENTIFIER = szg.testUITests;
				PRODUCT_NAME = "$(TARGET_NAME)";
				TEST_TARGET_NAME = test;
			};
			name = Release;
		};
/* End XCBuildConfiguration section */

/* Begin XCConfigurationList section */
		8166309B1CB7613A005C3DAC /* Build configuration list for PBXProject "test" */ = {
			isa = XCConfigurationList;
			buildConfigurations = (
				816630C61CB7613A005C3DAC /* Debug */,
				816630C71CB7613A005C3DAC /* Release */,
			);
			defaultConfigurationIsVisible = 0;
			defaultConfigurationName = Release;
		};
		816630C81CB7613A005C3DAC /* Build configuration list for PBXNativeTarget "test" */ = {
			isa = XCConfigurationList;
			buildConfigurations = (
				816630C91CB7613A005C3DAC /* Debug */,
				816630CA1CB7613A005C3DAC /* Release */,
			);
			defaultConfigurationIsVisible = 0;
		};
		816630CB1CB7613A005C3DAC /* Build configuration list for PBXNativeTarget "testTests" */ = {
			isa = XCConfigurationList;
			buildConfigurations = (
				816630CC1CB7613A005C3DAC /* Debug */,
				816630CD1CB7613A005C3DAC /* Release */,
			);
			defaultConfigurationIsVisible = 0;
		};
		816630CE1CB7613A005C3DAC /* Build configuration list for PBXNativeTarget "testUITests" */ = {
			isa = XCConfigurationList;
			buildConfigurations = (
				816630CF1CB7613A005C3DAC /* Debug */,
				816630D01CB7613A005C3DAC /* Release */,
			);
			defaultConfigurationIsVisible = 0;
		};
/* End XCConfigurationList section */
	};
	rootObject = 816630981CB7613A005C3DAC /* Project object */;
}
